
Microsoft Visual Studio Solution File, Format Version 12.00
# Visual Studio Version 17
VisualStudioVersion = 17.11.35312.102
MinimumVisualStudioVersion = 10.0.40219.1
Project("{FAE04EC0-301F-11D3-BF4B-00C04F79EFBC}") = "NamedPipe", "NamedPipe\NamedPipe.csproj", "{B432B735-0985-438D-9D48-FDAAA713FC4F}"
EndProject
Global
	GlobalSection(SolutionConfigurationPlatforms) = preSolution
		Debug|Any CPU = Debug|Any CPU
		Release|Any CPU = Release|Any CPU
	EndGlobalSection
	GlobalSection(ProjectConfigurationPlatforms) = postSolution
		{B432B735-0985-438D-9D48-FDAAA713FC4F}.Debug|Any CPU.ActiveCfg = Debug|Any CPU
		{B432B735-0985-438D-9D48-FDAAA713FC4F}.Debug|Any CPU.Build.0 = Debug|Any CPU
		{B432B735-0985-438D-9D48-FDAAA713FC4F}.Release|Any CPU.ActiveCfg = Release|Any CPU
		{B432B735-0985-438D-9D48-FDAAA713FC4F}.Release|Any CPU.Build.0 = Release|Any CPU
	EndGlobalSection
	GlobalSection(SolutionProperties) = preSolution
		HideSolutionNode = FALSE
	EndGlobalSection
	GlobalSection(ExtensibilityGlobals) = postSolution
		SolutionGuid = {65842A63-2B9F-4947-A898-8BA710D6504E}
	EndGlobalSection
EndGlobal
